
Microsoft Visual Studio Solution File, Format Version 12.00
# Visual Studio Version 17
VisualStudioVersion = 17.9.34407.89
MinimumVisualStudioVersion = 10.0.40219.1
Project("{2150E333-8FDC-42A3-9474-1A3956D46DE8}") = "Applications", "Applications", "{88960D01-906D-400E-8EEC-48EEF657960A}"
EndProject
Project("{9A19103F-16F7-4668-BE54-9A1E7A4F7556}") = "Apps.Auth", "Applications\Apps.Auth\Apps.Auth.csproj", "{7028AAE7-7448-4FDD-B1B0-CA41E3F27253}"
EndProject
Project("{2150E333-8FDC-42A3-9474-1A3956D46DE8}") = "Domains", "Domains", "{1CDDEBFE-0E41-4E9F-9B95-96E5C568FFB0}"
EndProject
Project("{9A19103F-16F7-4668-BE54-9A1E7A4F7556}") = "Domains.Auth", "Domains\Domains.Auth\Domains.Auth.csproj", "{FB8CCC16-D7F6-4597-969D-FAA847669F71}"
EndProject
Project("{2150E333-8FDC-42A3-9474-1A3956D46DE8}") = "Infrastructures", "Infrastructures", "{1072BB04-D0FE-41C5-84B3-5B76BBF0A963}"
EndProject
Project("{9A19103F-16F7-4668-BE54-9A1E7A4F7556}") = "Infra.EFCore", "Infrastructures\Infra.EFCore\Infra.EFCore.csproj", "{5581443D-1353-4CDA-AB8C-41D08C3BB1F5}"
EndProject
Project("{9A19103F-16F7-4668-BE54-9A1E7A4F7556}") = "Infra.EFCore.Auth", "Infrastructures\Infra.EFCore.Auth\Infra.EFCore.Auth.csproj", "{1DA67F7D-B168-403D-914B-B0C201D0CE46}"
EndProject
Project("{2150E333-8FDC-42A3-9474-1A3956D46DE8}") = "Presentations", "Presentations", "{F34B1879-EF2B-46C4-B5ED-5310303B4DDF}"
EndProject
Project("{2150E333-8FDC-42A3-9474-1A3956D46DE8}") = "Shared", "Shared", "{44C6F96C-9973-4FF3-BB9B-E1D72BD8B474}"
EndProject
Project("{9A19103F-16F7-4668-BE54-9A1E7A4F7556}") = "Shared", "Shared\Shared\Shared.csproj", "{14833EFF-3290-483E-B909-80E87181BE7E}"
EndProject
Project("{9A19103F-16F7-4668-BE54-9A1E7A4F7556}") = "Server.WebAPI", "Presentations\Server.WebAPI\Server.WebAPI.csproj", "{DC9F0667-DE67-42A6-A066-5CE521F70631}"
EndProject
Project("{9A19103F-16F7-4668-BE54-9A1E7A4F7556}") = "Client.WebAssembly", "Presentations\Client.WebAssembly\Client.WebAssembly.csproj", "{73CF2EEA-CEC9-49A3-B1F7-964391D067B1}"
EndProject
Project("{FAE04EC0-301F-11D3-BF4B-00C04F79EFBC}") = "Domains.Messaging", "Domains\Domains.Messaging\Domains.Messaging.csproj", "{B2B16A56-C54E-4CAB-8A5C-3A820947ED37}"
EndProject
Project("{FAE04EC0-301F-11D3-BF4B-00C04F79EFBC}") = "Infra.EFCore.Messaging", "Infrastructures\Infra.EFCore.Messaging\Infra.EFCore.Messaging.csproj", "{C02A3DB3-1ED7-476A-AF68-F178A8E8B0E4}"
EndProject
Global
	GlobalSection(SolutionConfigurationPlatforms) = preSolution
		Debug|Any CPU = Debug|Any CPU
		Release|Any CPU = Release|Any CPU
	EndGlobalSection
	GlobalSection(ProjectConfigurationPlatforms) = postSolution
		{7028AAE7-7448-4FDD-B1B0-CA41E3F27253}.Debug|Any CPU.ActiveCfg = Debug|Any CPU
		{7028AAE7-7448-4FDD-B1B0-CA41E3F27253}.Debug|Any CPU.Build.0 = Debug|Any CPU
		{7028AAE7-7448-4FDD-B1B0-CA41E3F27253}.Release|Any CPU.ActiveCfg = Release|Any CPU
		{7028AAE7-7448-4FDD-B1B0-CA41E3F27253}.Release|Any CPU.Build.0 = Release|Any CPU
		{FB8CCC16-D7F6-4597-969D-FAA847669F71}.Debug|Any CPU.ActiveCfg = Debug|Any CPU
		{FB8CCC16-D7F6-4597-969D-FAA847669F71}.Debug|Any CPU.Build.0 = Debug|Any CPU
		{FB8CCC16-D7F6-4597-969D-FAA847669F71}.Release|Any CPU.ActiveCfg = Release|Any CPU
		{FB8CCC16-D7F6-4597-969D-FAA847669F71}.Release|Any CPU.Build.0 = Release|Any CPU
		{5581443D-1353-4CDA-AB8C-41D08C3BB1F5}.Debug|Any CPU.ActiveCfg = Debug|Any CPU
		{5581443D-1353-4CDA-AB8C-41D08C3BB1F5}.Debug|Any CPU.Build.0 = Debug|Any CPU
		{5581443D-1353-4CDA-AB8C-41D08C3BB1F5}.Release|Any CPU.ActiveCfg = Release|Any CPU
		{5581443D-1353-4CDA-AB8C-41D08C3BB1F5}.Release|Any CPU.Build.0 = Release|Any CPU
		{1DA67F7D-B168-403D-914B-B0C201D0CE46}.Debug|Any CPU.ActiveCfg = Debug|Any CPU
		{1DA67F7D-B168-403D-914B-B0C201D0CE46}.Debug|Any CPU.Build.0 = Debug|Any CPU
		{1DA67F7D-B168-403D-914B-B0C201D0CE46}.Release|Any CPU.ActiveCfg = Release|Any CPU
		{1DA67F7D-B168-403D-914B-B0C201D0CE46}.Release|Any CPU.Build.0 = Release|Any CPU
		{14833EFF-3290-483E-B909-80E87181BE7E}.Debug|Any CPU.ActiveCfg = Debug|Any CPU
		{14833EFF-3290-483E-B909-80E87181BE7E}.Debug|Any CPU.Build.0 = Debug|Any CPU
		{14833EFF-3290-483E-B909-80E87181BE7E}.Release|Any CPU.ActiveCfg = Release|Any CPU
		{14833EFF-3290-483E-B909-80E87181BE7E}.Release|Any CPU.Build.0 = Release|Any CPU
		{DC9F0667-DE67-42A6-A066-5CE521F70631}.Debug|Any CPU.ActiveCfg = Debug|Any CPU
		{DC9F0667-DE67-42A6-A066-5CE521F70631}.Debug|Any CPU.Build.0 = Debug|Any CPU
		{DC9F0667-DE67-42A6-A066-5CE521F70631}.Release|Any CPU.ActiveCfg = Release|Any CPU
		{DC9F0667-DE67-42A6-A066-5CE521F70631}.Release|Any CPU.Build.0 = Release|Any CPU
		{73CF2EEA-CEC9-49A3-B1F7-964391D067B1}.Debug|Any CPU.ActiveCfg = Debug|Any CPU
		{73CF2EEA-CEC9-49A3-B1F7-964391D067B1}.Debug|Any CPU.Build.0 = Debug|Any CPU
		{73CF2EEA-CEC9-49A3-B1F7-964391D067B1}.Release|Any CPU.ActiveCfg = Release|Any CPU
		{73CF2EEA-CEC9-49A3-B1F7-964391D067B1}.Release|Any CPU.Build.0 = Release|Any CPU
		{B2B16A56-C54E-4CAB-8A5C-3A820947ED37}.Debug|Any CPU.ActiveCfg = Debug|Any CPU
		{B2B16A56-C54E-4CAB-8A5C-3A820947ED37}.Debug|Any CPU.Build.0 = Debug|Any CPU
		{B2B16A56-C54E-4CAB-8A5C-3A820947ED37}.Release|Any CPU.ActiveCfg = Release|Any CPU
		{B2B16A56-C54E-4CAB-8A5C-3A820947ED37}.Release|Any CPU.Build.0 = Release|Any CPU
		{C02A3DB3-1ED7-476A-AF68-F178A8E8B0E4}.Debug|Any CPU.ActiveCfg = Debug|Any CPU
		{C02A3DB3-1ED7-476A-AF68-F178A8E8B0E4}.Debug|Any CPU.Build.0 = Debug|Any CPU
		{C02A3DB3-1ED7-476A-AF68-F178A8E8B0E4}.Release|Any CPU.ActiveCfg = Release|Any CPU
		{C02A3DB3-1ED7-476A-AF68-F178A8E8B0E4}.Release|Any CPU.Build.0 = Release|Any CPU
	EndGlobalSection
	GlobalSection(SolutionProperties) = preSolution
		HideSolutionNode = FALSE
	EndGlobalSection
	GlobalSection(NestedProjects) = preSolution
		{7028AAE7-7448-4FDD-B1B0-CA41E3F27253} = {88960D01-906D-400E-8EEC-48EEF657960A}
		{FB8CCC16-D7F6-4597-969D-FAA847669F71} = {1CDDEBFE-0E41-4E9F-9B95-96E5C568FFB0}
		{5581443D-1353-4CDA-AB8C-41D08C3BB1F5} = {1072BB04-D0FE-41C5-84B3-5B76BBF0A963}
		{1DA67F7D-B168-403D-914B-B0C201D0CE46} = {1072BB04-D0FE-41C5-84B3-5B76BBF0A963}
		{14833EFF-3290-483E-B909-80E87181BE7E} = {44C6F96C-9973-4FF3-BB9B-E1D72BD8B474}
		{DC9F0667-DE67-42A6-A066-5CE521F70631} = {F34B1879-EF2B-46C4-B5ED-5310303B4DDF}
		{73CF2EEA-CEC9-49A3-B1F7-964391D067B1} = {F34B1879-EF2B-46C4-B5ED-5310303B4DDF}
		{B2B16A56-C54E-4CAB-8A5C-3A820947ED37} = {1CDDEBFE-0E41-4E9F-9B95-96E5C568FFB0}
		{C02A3DB3-1ED7-476A-AF68-F178A8E8B0E4} = {1072BB04-D0FE-41C5-84B3-5B76BBF0A963}
	EndGlobalSection
	GlobalSection(ExtensibilityGlobals) = postSolution
		SolutionGuid = {392A38F1-00CA-41D7-87B6-B933D2D7F7D5}
	EndGlobalSection
EndGlobal
